
Microsoft Visual Studio Solution File, Format Version 12.00
# Visual Studio Version 16
VisualStudioVersion = 16.0.30128.74
MinimumVisualStudioVersion = 10.0.40219.1
Project("{9A19103F-16F7-4668-BE54-9A1E7A4F7556}") = "CurrencyRates.WebAPI", "CurrencyRatesApi\CurrencyRates.WebAPI.csproj", "{0AC494B9-8F25-4050-A26E-A17675590701}"
EndProject
Project("{9A19103F-16F7-4668-BE54-9A1E7A4F7556}") = "CurrencyRates.Entities", "CurrencyRates.Entities\CurrencyRates.Entities.csproj", "{EFA5C978-3C6A-45B9-94B2-FD63432C07B9}"
EndProject
Project("{9A19103F-16F7-4668-BE54-9A1E7A4F7556}") = "CurrencyRates.Services", "CurrencyRates.Services\CurrencyRates.Services.csproj", "{DA68FDD0-DCC2-4FF1-9992-02E062989AD7}"
EndProject
Project("{9A19103F-16F7-4668-BE54-9A1E7A4F7556}") = "CurrencyRates.Common", "CurrencyRates.Common\CurrencyRates.Common.csproj", "{3BDE24D9-3339-4291-9105-43B7BD220B10}"
EndProject
Global
	GlobalSection(SolutionConfigurationPlatforms) = preSolution
		Debug|Any CPU = Debug|Any CPU
		Release|Any CPU = Release|Any CPU
	EndGlobalSection
	GlobalSection(ProjectConfigurationPlatforms) = postSolution
		{0AC494B9-8F25-4050-A26E-A17675590701}.Debug|Any CPU.ActiveCfg = Debug|Any CPU
		{0AC494B9-8F25-4050-A26E-A17675590701}.Debug|Any CPU.Build.0 = Debug|Any CPU
		{0AC494B9-8F25-4050-A26E-A17675590701}.Release|Any CPU.ActiveCfg = Release|Any CPU
		{0AC494B9-8F25-4050-A26E-A17675590701}.Release|Any CPU.Build.0 = Release|Any CPU
		{EFA5C978-3C6A-45B9-94B2-FD63432C07B9}.Debug|Any CPU.ActiveCfg = Debug|Any CPU
		{EFA5C978-3C6A-45B9-94B2-FD63432C07B9}.Debug|Any CPU.Build.0 = Debug|Any CPU
		{EFA5C978-3C6A-45B9-94B2-FD63432C07B9}.Release|Any CPU.ActiveCfg = Release|Any CPU
		{EFA5C978-3C6A-45B9-94B2-FD63432C07B9}.Release|Any CPU.Build.0 = Release|Any CPU
		{DA68FDD0-DCC2-4FF1-9992-02E062989AD7}.Debug|Any CPU.ActiveCfg = Debug|Any CPU
		{DA68FDD0-DCC2-4FF1-9992-02E062989AD7}.Debug|Any CPU.Build.0 = Debug|Any CPU
		{DA68FDD0-DCC2-4FF1-9992-02E062989AD7}.Release|Any CPU.ActiveCfg = Release|Any CPU
		{DA68FDD0-DCC2-4FF1-9992-02E062989AD7}.Release|Any CPU.Build.0 = Release|Any CPU
		{3BDE24D9-3339-4291-9105-43B7BD220B10}.Debug|Any CPU.ActiveCfg = Debug|Any CPU
		{3BDE24D9-3339-4291-9105-43B7BD220B10}.Debug|Any CPU.Build.0 = Debug|Any CPU
		{3BDE24D9-3339-4291-9105-43B7BD220B10}.Release|Any CPU.ActiveCfg = Release|Any CPU
		{3BDE24D9-3339-4291-9105-43B7BD220B10}.Release|Any CPU.Build.0 = Release|Any CPU
	EndGlobalSection
	GlobalSection(SolutionProperties) = preSolution
		HideSolutionNode = FALSE
	EndGlobalSection
	GlobalSection(ExtensibilityGlobals) = postSolution
		SolutionGuid = {CEC75172-6E2B-4D98-8E60-09E2BDCD0D30}
	EndGlobalSection
EndGlobal
